
Microsoft Visual Studio Solution File, Format Version 12.00
# Visual Studio Version 16
VisualStudioVersion = 16.0.30709.64
MinimumVisualStudioVersion = 10.0.40219.1
Project("{FAE04EC0-301F-11D3-BF4B-00C04F79EFBC}") = "PromotionEngine", "PromotionEngine\PromotionEngine.csproj", "{8C6121BC-C142-4F4D-9F79-3DFFD179076D}"
EndProject
Project("{FAE04EC0-301F-11D3-BF4B-00C04F79EFBC}") = "PromotionEngineTest", "PromotionEngineTest\PromotionEngineTest.csproj", "{3F5324E1-3C0C-4E4A-BAE4-1237AF0D5391}"
EndProject
Global
	GlobalSection(SolutionConfigurationPlatforms) = preSolution
		Debug|Any CPU = Debug|Any CPU
		Release|Any CPU = Release|Any CPU
	EndGlobalSection
	GlobalSection(ProjectConfigurationPlatforms) = postSolution
		{8C6121BC-C142-4F4D-9F79-3DFFD179076D}.Debug|Any CPU.ActiveCfg = Debug|Any CPU
		{8C6121BC-C142-4F4D-9F79-3DFFD179076D}.Debug|Any CPU.Build.0 = Debug|Any CPU
		{8C6121BC-C142-4F4D-9F79-3DFFD179076D}.Release|Any CPU.ActiveCfg = Release|Any CPU
		{8C6121BC-C142-4F4D-9F79-3DFFD179076D}.Release|Any CPU.Build.0 = Release|Any CPU
		{3F5324E1-3C0C-4E4A-BAE4-1237AF0D5391}.Debug|Any CPU.ActiveCfg = Debug|Any CPU
		{3F5324E1-3C0C-4E4A-BAE4-1237AF0D5391}.Debug|Any CPU.Build.0 = Debug|Any CPU
		{3F5324E1-3C0C-4E4A-BAE4-1237AF0D5391}.Release|Any CPU.ActiveCfg = Release|Any CPU
		{3F5324E1-3C0C-4E4A-BAE4-1237AF0D5391}.Release|Any CPU.Build.0 = Release|Any CPU
	EndGlobalSection
	GlobalSection(SolutionProperties) = preSolution
		HideSolutionNode = FALSE
	EndGlobalSection
	GlobalSection(ExtensibilityGlobals) = postSolution
		SolutionGuid = {517706CA-C43C-4EFB-9180-F7402F7FD7AD}
	EndGlobalSection
EndGlobal
